// !$*UTF8*$!
{
	archiveVersion = 1;
	classes = {
	};
	objectVersion = 50;
	objects = {

/* Begin PBXBuildFile section */
		22DA62ED215D0611001260A1 /* AppDelegate.swift in Sources */ = {isa = PBXBuildFile; fileRef = 22DA62EC215D0611001260A1 /* AppDelegate.swift */; };
		22DA62EF215D0611001260A1 /* ViewController.swift in Sources */ = {isa = PBXBuildFile; fileRef = 22DA62EE215D0611001260A1 /* ViewController.swift */; };
		22DA62F2215D0611001260A1 /* Main.storyboard in Resources */ = {isa = PBXBuildFile; fileRef = 22DA62F0215D0611001260A1 /* Main.storyboard */; };
		22DA62F4215D0612001260A1 /* Assets.xcassets in Resources */ = {isa = PBXBuildFile; fileRef = 22DA62F3215D0612001260A1 /* Assets.xcassets */; };
		22DA62F7215D0612001260A1 /* LaunchScreen.storyboard in Resources */ = {isa = PBXBuildFile; fileRef = 22DA62F5215D0612001260A1 /* LaunchScreen.storyboard */; };
		EFF6CBCBDDA7D32FB1838571 /* Pods_Parse_Chat.framework in Frameworks */ = {isa = PBXBuildFile; fileRef = 3C55B205E0452B75247F4BFD /* Pods_Parse_Chat.framework */; };
/* End PBXBuildFile section */

/* Begin PBXFileReference section */
		22DA62E9215D0611001260A1 /* Parse_Chat.app */ = {isa = PBXFileReference; explicitFileType = wrapper.application; includeInIndex = 0; path = Parse_Chat.app; sourceTree = BUILT_PRODUCTS_DIR; };
		22DA62EC215D0611001260A1 /* AppDelegate.swift */ = {isa = PBXFileReference; lastKnownFileType = sourcecode.swift; path = AppDelegate.swift; sourceTree = "<group>"; };
		22DA62EE215D0611001260A1 /* ViewController.swift */ = {isa = PBXFileReference; lastKnownFileType = sourcecode.swift; path = ViewController.swift; sourceTree = "<group>"; };
		22DA62F1215D0611001260A1 /* Base */ = {isa = PBXFileReference; lastKnownFileType = file.storyboard; name = Base; path = Base.lproj/Main.storyboard; sourceTree = "<group>"; };
		22DA62F3215D0612001260A1 /* Assets.xcassets */ = {isa = PBXFileReference; lastKnownFileType = folder.assetcatalog; path = Assets.xcassets; sourceTree = "<group>"; };
		22DA62F6215D0612001260A1 /* Base */ = {isa = PBXFileReference; lastKnownFileType = file.storyboard; name = Base; path = Base.lproj/LaunchScreen.storyboard; sourceTree = "<group>"; };
		22DA62F8215D0612001260A1 /* Info.plist */ = {isa = PBXFileReference; lastKnownFileType = text.plist.xml; path = Info.plist; sourceTree = "<group>"; };
		3C55B205E0452B75247F4BFD /* Pods_Parse_Chat.framework */ = {isa = PBXFileReference; explicitFileType = wrapper.framework; includeInIndex = 0; path = Pods_Parse_Chat.framework; sourceTree = BUILT_PRODUCTS_DIR; };
		6FB6BB9E7BE5382002A3DB66 /* Pods-Parse_Chat.debug.xcconfig */ = {isa = PBXFileReference; includeInIndex = 1; lastKnownFileType = text.xcconfig; name = "Pods-Parse_Chat.debug.xcconfig"; path = "Pods/Target Support Files/Pods-Parse_Chat/Pods-Parse_Chat.debug.xcconfig"; sourceTree = "<group>"; };
		FA63598ED1B0CBF805BB1C9F /* Pods-Parse_Chat.release.xcconfig */ = {isa = PBXFileReference; includeInIndex = 1; lastKnownFileType = text.xcconfig; name = "Pods-Parse_Chat.release.xcconfig"; path = "Pods/Target Support Files/Pods-Parse_Chat/Pods-Parse_Chat.release.xcconfig"; sourceTree = "<group>"; };
/* End PBXFileReference section */

/* Begin PBXFrameworksBuildPhase section */
		22DA62E6215D0611001260A1 /* Frameworks */ = {
			isa = PBXFrameworksBuildPhase;
			buildActionMask = 2147483647;
			files = (
				EFF6CBCBDDA7D32FB1838571 /* Pods_Parse_Chat.framework in Frameworks */,
			);
			runOnlyForDeploymentPostprocessing = 0;
		};
/* End PBXFrameworksBuildPhase section */

/* Begin PBXGroup section */
		1DE53928B3262692A4FCCD1C /* Pods */ = {
			isa = PBXGroup;
			children = (
				6FB6BB9E7BE5382002A3DB66 /* Pods-Parse_Chat.debug.xcconfig */,
				FA63598ED1B0CBF805BB1C9F /* Pods-Parse_Chat.release.xcconfig */,
			);
			name = Pods;
			sourceTree = "<group>";
		};
		22DA62E0215D0611001260A1 = {
			isa = PBXGroup;
			children = (
				22DA62EB215D0611001260A1 /* Parse_Chat */,
				22DA62EA215D0611001260A1 /* Products */,
				1DE53928B3262692A4FCCD1C /* Pods */,
				A2C1EB6C8121DF6575060EE6 /* Frameworks */,
			);
			sourceTree = "<group>";
		};
		22DA62EA215D0611001260A1 /* Products */ = {
			isa = PBXGroup;
			children = (
				22DA62E9215D0611001260A1 /* Parse_Chat.app */,
			);
			name = Products;
			sourceTree = "<group>";
		};
		22DA62EB215D0611001260A1 /* Parse_Chat */ = {
			isa = PBXGroup;
			children = (
				22DA62EC215D0611001260A1 /* AppDelegate.swift */,
				22DA62EE215D0611001260A1 /* ViewController.swift */,
				22DA62F0215D0611001260A1 /* Main.storyboard */,
				22DA62F3215D0612001260A1 /* Assets.xcassets */,
				22DA62F5215D0612001260A1 /* LaunchScreen.storyboard */,
				22DA62F8215D0612001260A1 /* Info.plist */,
			);
			path = Parse_Chat;
			sourceTree = "<group>";
		};
		A2C1EB6C8121DF6575060EE6 /* Frameworks */ = {
			isa = PBXGroup;
			children = (
				3C55B205E0452B75247F4BFD /* Pods_Parse_Chat.framework */,
			);
			name = Frameworks;
			sourceTree = "<group>";
		};
/* End PBXGroup section */

/* Begin PBXNativeTarget section */
		22DA62E8215D0611001260A1 /* Parse_Chat */ = {
			isa = PBXNativeTarget;
			buildConfigurationList = 22DA62FB215D0612001260A1 /* Build configuration list for PBXNativeTarget "Parse_Chat" */;
			buildPhases = (
				6F2ED178BAC51B923ADA50D2 /* [CP] Check Pods Manifest.lock */,
				22DA62E5215D0611001260A1 /* Sources */,
				22DA62E6215D0611001260A1 /* Frameworks */,
				22DA62E7215D0611001260A1 /* Resources */,
				0EA6D1F16FE5CC60B044B4F7 /* [CP] Embed Pods Frameworks */,
			);
			buildRules = (
			);
			dependencies = (
			);
			name = Parse_Chat;
			productName = Parse_Chat;
			productReference = 22DA62E9215D0611001260A1 /* Parse_Chat.app */;
			productType = "com.apple.product-type.application";
		};
/* End PBXNativeTarget section */

/* Begin PBXProject section */
		22DA62E1215D0611001260A1 /* Project object */ = {
			isa = PBXProject;
			attributes = {
				LastSwiftUpdateCheck = 0940;
				LastUpgradeCheck = 0940;
				ORGANIZATIONNAME = kairi;
				TargetAttributes = {
					22DA62E8215D0611001260A1 = {
						CreatedOnToolsVersion = 9.4.1;
					};
				};
			};
			buildConfigurationList = 22DA62E4215D0611001260A1 /* Build configuration list for PBXProject "Parse_Chat" */;
			compatibilityVersion = "Xcode 9.3";
			developmentRegion = en;
			hasScannedForEncodings = 0;
			knownRegions = (
				en,
				Base,
			);
			mainGroup = 22DA62E0215D0611001260A1;
			productRefGroup = 22DA62EA215D0611001260A1 /* Products */;
			projectDirPath = "";
			projectRoot = "";
			targets = (
				22DA62E8215D0611001260A1 /* Parse_Chat */,
			);
		};
/* End PBXProject section */

/* Begin PBXResourcesBuildPhase section */
		22DA62E7215D0611001260A1 /* Resources */ = {
			isa = PBXResourcesBuildPhase;
			buildActionMask = 2147483647;
			files = (
				22DA62F7215D0612001260A1 /* LaunchScreen.storyboard in Resources */,
				22DA62F4215D0612001260A1 /* Assets.xcassets in Resources */,
				22DA62F2215D0611001260A1 /* Main.storyboard in Resources */,
			);
			runOnlyForDeploymentPostprocessing = 0;
		};
/* End PBXResourcesBuildPhase section */

/* Begin PBXShellScriptBuildPhase section */
		0EA6D1F16FE5CC60B044B4F7 /* [CP] Embed Pods Frameworks */ = {
			isa = PBXShellScriptBuildPhase;
			buildActionMask = 2147483647;
			files = (
			);
			inputFileListPaths = (
			);
			inputPaths = (
				"${SRCROOT}/Pods/Target Support Files/Pods-Parse_Chat/Pods-Parse_Chat-frameworks.sh",
				"${BUILT_PRODUCTS_DIR}/Bolts/Bolts.framework",
				"${BUILT_PRODUCTS_DIR}/Parse/Parse.framework",
			);
			name = "[CP] Embed Pods Frameworks";
			outputFileListPaths = (
			);
			outputPaths = (
				"${TARGET_BUILD_DIR}/${FRAMEWORKS_FOLDER_PATH}/Bolts.framework",
				"${TARGET_BUILD_DIR}/${FRAMEWORKS_FOLDER_PATH}/Parse.framework",
			);
			runOnlyForDeploymentPostprocessing = 0;
			shellPath = /bin/sh;
			shellScript = "\"${SRCROOT}/Pods/Target Support Files/Pods-Parse_Chat/Pods-Parse_Chat-frameworks.sh\"\n";
			showEnvVarsInLog = 0;
		};
		6F2ED178BAC51B923ADA50D2 /* [CP] Check Pods Manifest.lock */ = {
			isa = PBXShellScriptBuildPhase;
			buildActionMask = 2147483647;
			files = (
			);
			inputFileListPaths = (
			);
			inputPaths = (
				"${PODS_PODFILE_DIR_PATH}/Podfile.lock",
				"${PODS_ROOT}/Manifest.lock",
			);
			name = "[CP] Check Pods Manifest.lock";
			outputFileListPaths = (
			);
			outputPaths = (
				"$(DERIVED_FILE_DIR)/Pods-Parse_Chat-checkManifestLockResult.txt",
			);
			runOnlyForDeploymentPostprocessing = 0;
			shellPath = /bin/sh;
			shellScript = "diff \"${PODS_PODFILE_DIR_PATH}/Podfile.lock\" \"${PODS_ROOT}/Manifest.lock\" > /dev/null\nif [ $? != 0 ] ; then\n    # print error to STDERR\n    echo \"error: The sandbox is not in sync with the Podfile.lock. Run 'pod install' or update your CocoaPods installation.\" >&2\n    exit 1\nfi\n# This output is used by Xcode 'outputs' to avoid re-running this script phase.\necho \"SUCCESS\" > \"${SCRIPT_OUTPUT_FILE_0}\"\n";
			showEnvVarsInLog = 0;
		};
/* End PBXShellScriptBuildPhase section */

/* Begin PBXSourcesBuildPhase section */
		22DA62E5215D0611001260A1 /* Sources */ = {
			isa = PBXSourcesBuildPhase;
			buildActionMask = 2147483647;
			files = (
				22DA62EF215D0611001260A1 /* ViewController.swift in Sources */,
				22DA62ED215D0611001260A1 /* AppDelegate.swift in Sources */,
			);
			runOnlyForDeploymentPostprocessing = 0;
		};
/* End PBXSourcesBuildPhase section */

/* Begin PBXVariantGroup section */
		22DA62F0215D0611001260A1 /* Main.storyboard */ = {
			isa = PBXVariantGroup;
			children = (
				22DA62F1215D0611001260A1 /* Base */,
			);
			name = Main.storyboard;
			sourceTree = "<group>";
		};
		22DA62F5215D0612001260A1 /* LaunchScreen.storyboard */ = {
			isa = PBXVariantGroup;
			children = (
				22DA62F6215D0612001260A1 /* Base */,
			);
			name = LaunchScreen.storyboard;
			sourceTree = "<group>";
		};
/* End PBXVariantGroup section */

/* Begin XCBuildConfiguration section */
		22DA62F9215D0612001260A1 /* Debug */ = {
			isa = XCBuildConfiguration;
			buildSettings = {
				ALWAYS_SEARCH_USER_PATHS = NO;
				CLANG_ANALYZER_NONNULL = YES;
				CLANG_ANALYZER_NUMBER_OBJECT_CONVERSION = YES_AGGRESSIVE;
				CLANG_CXX_LANGUAGE_STANDARD = "gnu++14";
				CLANG_CXX_LIBRARY = "libc++";
				CLANG_ENABLE_MODULES = YES;
				CLANG_ENABLE_OBJC_ARC = YES;
				CLANG_ENABLE_OBJC_WEAK = YES;
				CLANG_WARN_BLOCK_CAPTURE_AUTORELEASING = YES;
				CLANG_WARN_BOOL_CONVERSION = YES;
				CLANG_WARN_COMMA = YES;
				CLANG_WARN_CONSTANT_CONVERSION = YES;
				CLANG_WARN_DEPRECATED_OBJC_IMPLEMENTATIONS = YES;
				CLANG_WARN_DIRECT_OBJC_ISA_USAGE = YES_ERROR;
				CLANG_WARN_DOCUMENTATION_COMMENTS = YES;
				CLANG_WARN_EMPTY_BODY = YES;
				CLANG_WARN_ENUM_CONVERSION = YES;
				CLANG_WARN_INFINITE_RECURSION = YES;
				CLANG_WARN_INT_CONVERSION = YES;
				CLANG_WARN_NON_LITERAL_NULL_CONVERSION = YES;
				CLANG_WARN_OBJC_IMPLICIT_RETAIN_SELF = YES;
				CLANG_WARN_OBJC_LITERAL_CONVERSION = YES;
				CLANG_WARN_OBJC_ROOT_CLASS = YES_ERROR;
				CLANG_WARN_RANGE_LOOP_ANALYSIS = YES;
				CLANG_WARN_STRICT_PROTOTYPES = YES;
				CLANG_WARN_SUSPICIOUS_MOVE = YES;
				CLANG_WARN_UNGUARDED_AVAILABILITY = YES_AGGRESSIVE;
				CLANG_WARN_UNREACHABLE_CODE = YES;
				CLANG_WARN__DUPLICATE_METHOD_MATCH = YES;
				CODE_SIGN_IDENTITY = "iPhone Developer";
				COPY_PHASE_STRIP = NO;
				DEBUG_INFORMATION_FORMAT = dwarf;
				ENABLE_STRICT_OBJC_MSGSEND = YES;
				ENABLE_TESTABILITY = YES;
				GCC_C_LANGUAGE_STANDARD = gnu11;
				GCC_DYNAMIC_NO_PIC = NO;
				GCC_NO_COMMON_BLOCKS = YES;
				GCC_OPTIMIZATION_LEVEL = 0;
				GCC_PREPROCESSOR_DEFINITIONS = (
					"DEBUG=1",
					"$(inherited)",
				);
				GCC_WARN_64_TO_32_BIT_CONVERSION = YES;
				GCC_WARN_ABOUT_RETURN_TYPE = YES_ERROR;
				GCC_WARN_UNDECLARED_SELECTOR = YES;
				GCC_WARN_UNINITIALIZED_AUTOS = YES_AGGRESSIVE;
				GCC_WARN_UNUSED_FUNCTION = YES;
				GCC_WARN_UNUSED_VARIABLE = YES;
				IPHONEOS_DEPLOYMENT_TARGET = 11.4;
				MTL_ENABLE_DEBUG_INFO = YES;
				ONLY_ACTIVE_ARCH = YES;
				SDKROOT = iphoneos;
				SWIFT_ACTIVE_COMPILATION_CONDITIONS = DEBUG;
				SWIFT_OPTIMIZATION_LEVEL = "-Onone";
			};
			name = Debug;
		};
		22DA62FA215D0612001260A1 /* Release */ = {
			isa = XCBuildConfiguration;
			buildSettings = {
				ALWAYS_SEARCH_USER_PATHS = NO;
				CLANG_ANALYZER_NONNULL = YES;
				CLANG_ANALYZER_NUMBER_OBJECT_CONVERSION = YES_AGGRESSIVE;
				CLANG_CXX_LANGUAGE_STANDARD = "gnu++14";
				CLANG_CXX_LIBRARY = "libc++";
				CLANG_ENABLE_MODULES = YES;
				CLANG_ENABLE_OBJC_ARC = YES;
				CLANG_ENABLE_OBJC_WEAK = YES;
				CLANG_WARN_BLOCK_CAPTURE_AUTORELEASING = YES;
				CLANG_WARN_BOOL_CONVERSION = YES;
				CLANG_WARN_COMMA = YES;
				CLANG_WARN_CONSTANT_CONVERSION = YES;
				CLANG_WARN_DEPRECATED_OBJC_IMPLEMENTATIONS = YES;
				CLANG_WARN_DIRECT_OBJC_ISA_USAGE = YES_ERROR;
				CLANG_WARN_DOCUMENTATION_COMMENTS = YES;
				CLANG_WARN_EMPTY_BODY = YES;
				CLANG_WARN_ENUM_CONVERSION = YES;
				CLANG_WARN_INFINITE_RECURSION = YES;
				CLANG_WARN_INT_CONVERSION = YES;
				CLANG_WARN_NON_LITERAL_NULL_CONVERSION = YES;
				CLANG_WARN_OBJC_IMPLICIT_RETAIN_SELF = YES;
				CLANG_WARN_OBJC_LITERAL_CONVERSION = YES;
				CLANG_WARN_OBJC_ROOT_CLASS = YES_ERROR;
				CLANG_WARN_RANGE_LOOP_ANALYSIS = YES;
				CLANG_WARN_STRICT_PROTOTYPES = YES;
				CLANG_WARN_SUSPICIOUS_MOVE = YES;
				CLANG_WARN_UNGUARDED_AVAILABILITY = YES_AGGRESSIVE;
				CLANG_WARN_UNREACHABLE_CODE = YES;
				CLANG_WARN__DUPLICATE_METHOD_MATCH = YES;
				CODE_SIGN_IDENTITY = "iPhone Developer";
				COPY_PHASE_STRIP = NO;
				DEBUG_INFORMATION_FORMAT = "dwarf-with-dsym";
				ENABLE_NS_ASSERTIONS = NO;
				ENABLE_STRICT_OBJC_MSGSEND = YES;
				GCC_C_LANGUAGE_STANDARD = gnu11;
				GCC_NO_COMMON_BLOCKS = YES;
				GCC_WARN_64_TO_32_BIT_CONVERSION = YES;
				GCC_WARN_ABOUT_RETURN_TYPE = YES_ERROR;
				GCC_WARN_UNDECLARED_SELECTOR = YES;
				GCC_WARN_UNINITIALIZED_AUTOS = YES_AGGRESSIVE;
				GCC_WARN_UNUSED_FUNCTION = YES;
				GCC_WARN_UNUSED_VARIABLE = YES;
				IPHONEOS_DEPLOYMENT_TARGET = 11.4;
				MTL_ENABLE_DEBUG_INFO = NO;
				SDKROOT = iphoneos;
				SWIFT_COMPILATION_MODE = wholemodule;
				SWIFT_OPTIMIZATION_LEVEL = "-O";
				VALIDATE_PRODUCT = YES;
			};
			name = Release;
		};
		22DA62FC215D0612001260A1 /* Debug */ = {
			isa = XCBuildConfiguration;
			baseConfigurationReference = 6FB6BB9E7BE5382002A3DB66 /* Pods-Parse_Chat.debug.xcconfig */;
			buildSettings = {
				ASSETCATALOG_COMPILER_APPICON_NAME = AppIcon;
				CODE_SIGN_STYLE = Automatic;
				DEVELOPMENT_TEAM = TB35NR7F7R;
				INFOPLIST_FILE = Parse_Chat/Info.plist;
				LD_RUNPATH_SEARCH_PATHS = (
					"$(inherited)",
					"@executable_path/Frameworks",
				);
				PRODUCT_BUNDLE_IDENTIFIER = "com.codepath.Parse-Chat";
				PRODUCT_NAME = "$(TARGET_NAME)";
				SWIFT_VERSION = 4.0;
				TARGETED_DEVICE_FAMILY = "1,2";
			};
			name = Debug;
		};
		22DA62FD215D0612001260A1 /* Release */ = {
			isa = XCBuildConfiguration;
			baseConfigurationReference = FA63598ED1B0CBF805BB1C9F /* Pods-Parse_Chat.release.xcconfig */;
			buildSettings = {
				ASSETCATALOG_COMPILER_APPICON_NAME = AppIcon;
				CODE_SIGN_STYLE = Automatic;
				DEVELOPMENT_TEAM = TB35NR7F7R;
				INFOPLIST_FILE = Parse_Chat/Info.plist;
				LD_RUNPATH_SEARCH_PATHS = (
					"$(inherited)",
					"@executable_path/Frameworks",
				);
				PRODUCT_BUNDLE_IDENTIFIER = "com.codepath.Parse-Chat";
				PRODUCT_NAME = "$(TARGET_NAME)";
				SWIFT_VERSION = 4.0;
				TARGETED_DEVICE_FAMILY = "1,2";
			};
			name = Release;
		};
/* End XCBuildConfiguration section */

/* Begin XCConfigurationList section */
		22DA62E4215D0611001260A1 /* Build configuration list for PBXProject "Parse_Chat" */ = {
			isa = XCConfigurationList;
			buildConfigurations = (
				22DA62F9215D0612001260A1 /* Debug */,
				22DA62FA215D0612001260A1 /* Release */,
			);
			defaultConfigurationIsVisible = 0;
			defaultConfigurationName = Release;
		};
		22DA62FB215D0612001260A1 /* Build configuration list for PBXNativeTarget "Parse_Chat" */ = {
			isa = XCConfigurationList;
			buildConfigurations = (
				22DA62FC215D0612001260A1 /* Debug */,
				22DA62FD215D0612001260A1 /* Release */,
			);
			defaultConfigurationIsVisible = 0;
			defaultConfigurationName = Release;
		};
/* End XCConfigurationList section */
	};
	rootObject = 22DA62E1215D0611001260A1 /* Project object */;
}
